<?xml version="1.0" encoding="utf-8"?>
<Project ToolsVersion="4.0" xmlns="http://schemas.microsoft.com/developer/msbuild/2003">
  <ItemGroup>
    <Filter Include="源文件">
      <UniqueIdentifier>{4FC737F1-C7A5-4376-A066-2A32D752A2FF}</UniqueIdentifier>
      <Extensions>cpp;c;cc;cxx;def;odl;idl;hpj;bat;asm;asmx</Extensions>
    </Filter>
    <Filter Include="头文件">
      <UniqueIdentifier>{93995380-89BD-4b04-88EB-625FBE52EBFB}</UniqueIdentifier>
      <Extensions>h;hh;hpp;hxx;hm;inl;inc;xsd</Extensions>
    </Filter>
    <Filter Include="资源文件">
      <UniqueIdentifier>{67DA6AB6-F800-4c08-8B7A-83BB121AAD01}</UniqueIdentifier>
      <Extensions>rc;ico;cur;bmp;dlg;rc2;rct;bin;rgs;gif;jpg;jpeg;jpe;resx;tiff;tif;png;wav;mfcribbon-ms</Extensions>
    </Filter>
    <Filter Include="glew">
      <UniqueIdentifier>{14f6eb33-dfb2-47aa-b0c9-5d0e8f04fc9e}</UniqueIdentifier>
    </Filter>
    <Filter Include="engine">
      <UniqueIdentifier>{239c913f-06d4-49c6-9fdb-a8996fb4941d}</UniqueIdentifier>
    </Filter>
  </ItemGroup>
  <ItemGroup>
    <Text Include="ReadMe.txt" />
  </ItemGroup>
  <ItemGroup>
    <ClInclude Include="stdafx.h">
      <Filter>头文件</Filter>
    </ClInclude>
    <ClInclude Include="targetver.h">
      <Filter>头文件</Filter>
    </ClInclude>
    <ClInclude Include="Resource.h">
      <Filter>头文件</Filter>
    </ClInclude>
    <ClInclude Include="GIS.h">
      <Filter>头文件</Filter>
    </ClInclude>
    <ClInclude Include="GisApp.hpp">
      <Filter>头文件</Filter>
    </ClInclude>
    <ClInclude Include="GisWinApp.hpp">
      <Filter>头文件</Filter>
    </ClInclude>
    <ClInclude Include="GisPlatform.hpp">
      <Filter>头文件</Filter>
    </ClInclude>
    <ClInclude Include="GisGLContext.hpp">
      <Filter>头文件</Filter>
    </ClInclude>
    <ClInclude Include="include\GL\eglew.h">
      <Filter>glew</Filter>
    </ClInclude>
    <ClInclude Include="include\GL\glew.h">
      <Filter>glew</Filter>
    </ClInclude>
    <ClInclude Include="include\GL\glxew.h">
      <Filter>glew</Filter>
    </ClInclude>
    <ClInclude Include="include\GL\wglew.h">
      <Filter>glew</Filter>
    </ClInclude>
    <ClInclude Include="GisOpenGL.h">
      <Filter>engine</Filter>
    </ClInclude>
    <ClInclude Include="GisFrame.hpp">
      <Filter>engine</Filter>
    </ClInclude>
    <ClInclude Include="GisObject.hpp">
      <Filter>engine</Filter>
    </ClInclude>
    <ClInclude Include="GisFrameMap.h">
      <Filter>头文件</Filter>
    </ClInclude>
    <ClInclude Include="GisContext.hpp">
      <Filter>engine</Filter>
    </ClInclude>
  </ItemGroup>
  <ItemGroup>
    <ClCompile Include="stdafx.cpp">
      <Filter>源文件</Filter>
    </ClCompile>
    <ClCompile Include="GIS.cpp">
      <Filter>源文件</Filter>
    </ClCompile>
    <ClCompile Include="glew.c">
      <Filter>glew</Filter>
    </ClCompile>
    <ClCompile Include="GisOpenGL.cpp">
      <Filter>engine</Filter>
    </ClCompile>
    <ClCompile Include="GisFrameMap.cpp">
      <Filter>源文件</Filter>
    </ClCompile>
  </ItemGroup>
  <ItemGroup>
    <ResourceCompile Include="GIS.rc">
      <Filter>资源文件</Filter>
    </ResourceCompile>
  </ItemGroup>
  <ItemGroup>
    <Image Include="small.ico">
      <Filter>资源文件</Filter>
    </Image>
    <Image Include="GIS.ico">
      <Filter>资源文件</Filter>
    </Image>
  </ItemGroup>
</Project>